
Microsoft Visual Studio Solution File, Format Version 12.00
# Visual Studio Version 16
VisualStudioVersion = 16.0.30114.105
MinimumVisualStudioVersion = 10.0.40219.1
Project("{8BC9CEB8-8B4A-11D0-8D11-00A0C91BC942}") = "progettoAeroporto", "progettoAeroporto.vcxproj", "{8C145562-930B-4BF9-8ECA-74074ACDFFD0}"
EndProject
Global
	GlobalSection(SolutionConfigurationPlatforms) = preSolution
		Debug|x64 = Debug|x64
		Debug|x86 = Debug|x86
		Release|x64 = Release|x64
		Release|x86 = Release|x86
	EndGlobalSection
	GlobalSection(ProjectConfigurationPlatforms) = postSolution
		{8C145562-930B-4BF9-8ECA-74074ACDFFD0}.Debug|x64.ActiveCfg = Debug|x64
		{8C145562-930B-4BF9-8ECA-74074ACDFFD0}.Debug|x64.Build.0 = Debug|x64
		{8C145562-930B-4BF9-8ECA-74074ACDFFD0}.Debug|x86.ActiveCfg = Debug|Win32
		{8C145562-930B-4BF9-8ECA-74074ACDFFD0}.Debug|x86.Build.0 = Debug|Win32
		{8C145562-930B-4BF9-8ECA-74074ACDFFD0}.Release|x64.ActiveCfg = Release|x64
		{8C145562-930B-4BF9-8ECA-74074ACDFFD0}.Release|x64.Build.0 = Release|x64
		{8C145562-930B-4BF9-8ECA-74074ACDFFD0}.Release|x86.ActiveCfg = Release|Win32
		{8C145562-930B-4BF9-8ECA-74074ACDFFD0}.Release|x86.Build.0 = Release|Win32
	EndGlobalSection
	GlobalSection(SolutionProperties) = preSolution
		HideSolutionNode = FALSE
	EndGlobalSection
	GlobalSection(ExtensibilityGlobals) = postSolution
		SolutionGuid = {AF02C3F6-598D-414E-AB9D-73B2BDF19364}
	EndGlobalSection
EndGlobal
